
Microsoft Visual Studio Solution File, Format Version 12.00
# Visual Studio 15
VisualStudioVersion = 15.0.27004.2006
MinimumVisualStudioVersion = 10.0.40219.1
Project("{9A19103F-16F7-4668-BE54-9A1E7A4F7556}") = "Data", "Data\Data.csproj", "{867D3E95-158C-4AA3-81D1-73D4E9750650}"
EndProject
Project("{9A19103F-16F7-4668-BE54-9A1E7A4F7556}") = "Core", "Core\Core.csproj", "{F7EF61E5-94D5-4CD7-8FA8-90EC0D7BBEB9}"
EndProject
Project("{FAE04EC0-301F-11D3-BF4B-00C04F79EFBC}") = "Web", "Web\Web.csproj", "{94E5CA89-704A-49FD-8A55-C8A92F404BEF}"
EndProject
Global
	GlobalSection(SolutionConfigurationPlatforms) = preSolution
		Debug|Any CPU = Debug|Any CPU
		Release|Any CPU = Release|Any CPU
	EndGlobalSection
	GlobalSection(ProjectConfigurationPlatforms) = postSolution
		{867D3E95-158C-4AA3-81D1-73D4E9750650}.Debug|Any CPU.ActiveCfg = Debug|Any CPU
		{867D3E95-158C-4AA3-81D1-73D4E9750650}.Debug|Any CPU.Build.0 = Debug|Any CPU
		{867D3E95-158C-4AA3-81D1-73D4E9750650}.Release|Any CPU.ActiveCfg = Release|Any CPU
		{867D3E95-158C-4AA3-81D1-73D4E9750650}.Release|Any CPU.Build.0 = Release|Any CPU
		{F7EF61E5-94D5-4CD7-8FA8-90EC0D7BBEB9}.Debug|Any CPU.ActiveCfg = Debug|Any CPU
		{F7EF61E5-94D5-4CD7-8FA8-90EC0D7BBEB9}.Debug|Any CPU.Build.0 = Debug|Any CPU
		{F7EF61E5-94D5-4CD7-8FA8-90EC0D7BBEB9}.Release|Any CPU.ActiveCfg = Release|Any CPU
		{F7EF61E5-94D5-4CD7-8FA8-90EC0D7BBEB9}.Release|Any CPU.Build.0 = Release|Any CPU
		{94E5CA89-704A-49FD-8A55-C8A92F404BEF}.Debug|Any CPU.ActiveCfg = Debug|Any CPU
		{94E5CA89-704A-49FD-8A55-C8A92F404BEF}.Debug|Any CPU.Build.0 = Debug|Any CPU
		{94E5CA89-704A-49FD-8A55-C8A92F404BEF}.Release|Any CPU.ActiveCfg = Release|Any CPU
		{94E5CA89-704A-49FD-8A55-C8A92F404BEF}.Release|Any CPU.Build.0 = Release|Any CPU
	EndGlobalSection
	GlobalSection(SolutionProperties) = preSolution
		HideSolutionNode = FALSE
	EndGlobalSection
	GlobalSection(ExtensibilityGlobals) = postSolution
		SolutionGuid = {ADD85C37-15BA-4F06-A3C7-C05CE9A42533}
	EndGlobalSection
EndGlobal
